
Microsoft Visual Studio Solution File, Format Version 12.00
# Visual Studio Version 16
VisualStudioVersion = 16.0.30804.86
MinimumVisualStudioVersion = 10.0.40219.1
Project("{9A19103F-16F7-4668-BE54-9A1E7A4F7556}") = "MvcMovie", "MvcMovie.csproj", "{6928C31F-50F9-480E-ACB9-B5507B1A2241}"
EndProject
Project("{FAE04EC0-301F-11D3-BF4B-00C04F79EFBC}") = "MvcMovie.Tests", "..\MvcMovie.Tests\MvcMovie.Tests.csproj", "{A9359378-B2B1-4425-9D36-2C8B49F38DC8}"
EndProject
Global
	GlobalSection(SolutionConfigurationPlatforms) = preSolution
		Debug|Any CPU = Debug|Any CPU
		Release|Any CPU = Release|Any CPU
	EndGlobalSection
	GlobalSection(ProjectConfigurationPlatforms) = postSolution
		{6928C31F-50F9-480E-ACB9-B5507B1A2241}.Debug|Any CPU.ActiveCfg = Debug|Any CPU
		{6928C31F-50F9-480E-ACB9-B5507B1A2241}.Debug|Any CPU.Build.0 = Debug|Any CPU
		{6928C31F-50F9-480E-ACB9-B5507B1A2241}.Release|Any CPU.ActiveCfg = Release|Any CPU
		{6928C31F-50F9-480E-ACB9-B5507B1A2241}.Release|Any CPU.Build.0 = Release|Any CPU
		{A9359378-B2B1-4425-9D36-2C8B49F38DC8}.Debug|Any CPU.ActiveCfg = Debug|Any CPU
		{A9359378-B2B1-4425-9D36-2C8B49F38DC8}.Debug|Any CPU.Build.0 = Debug|Any CPU
		{A9359378-B2B1-4425-9D36-2C8B49F38DC8}.Release|Any CPU.ActiveCfg = Release|Any CPU
		{A9359378-B2B1-4425-9D36-2C8B49F38DC8}.Release|Any CPU.Build.0 = Release|Any CPU
	EndGlobalSection
	GlobalSection(SolutionProperties) = preSolution
		HideSolutionNode = FALSE
	EndGlobalSection
	GlobalSection(ExtensibilityGlobals) = postSolution
		SolutionGuid = {DDDE0076-1B79-48B7-BD22-C6B3920F663A}
	EndGlobalSection
EndGlobal
