
Microsoft Visual Studio Solution File, Format Version 12.00
# Visual Studio Version 16
VisualStudioVersion = 16.0.30804.86
MinimumVisualStudioVersion = 10.0.40219.1
Project("{9A19103F-16F7-4668-BE54-9A1E7A4F7556}") = "Workshop.Testing.Calculator", "Workshop.Testing.Calculator.csproj", "{A30E3541-DA61-49CE-8508-88CE5F45BAE8}"
EndProject
Global
	GlobalSection(SolutionConfigurationPlatforms) = preSolution
		Debug|Any CPU = Debug|Any CPU
		Release|Any CPU = Release|Any CPU
	EndGlobalSection
	GlobalSection(ProjectConfigurationPlatforms) = postSolution
		{A30E3541-DA61-49CE-8508-88CE5F45BAE8}.Debug|Any CPU.ActiveCfg = Debug|Any CPU
		{A30E3541-DA61-49CE-8508-88CE5F45BAE8}.Debug|Any CPU.Build.0 = Debug|Any CPU
		{A30E3541-DA61-49CE-8508-88CE5F45BAE8}.Release|Any CPU.ActiveCfg = Release|Any CPU
		{A30E3541-DA61-49CE-8508-88CE5F45BAE8}.Release|Any CPU.Build.0 = Release|Any CPU
	EndGlobalSection
	GlobalSection(SolutionProperties) = preSolution
		HideSolutionNode = FALSE
	EndGlobalSection
	GlobalSection(ExtensibilityGlobals) = postSolution
		SolutionGuid = {557725A3-CB50-4AFB-8DC0-09C0F5A42FF2}
	EndGlobalSection
EndGlobal
